
Microsoft Visual Studio Solution File, Format Version 12.00
# Visual Studio Version 17
VisualStudioVersion = 17.3.32819.101
MinimumVisualStudioVersion = 10.0.40219.1
Project("{9A19103F-16F7-4668-BE54-9A1E7A4F7556}") = "PolynomialRegression", "PolynomialRegression.csproj", "{4D68557F-339D-47F7-8961-99672EEC1A9E}"
EndProject
Global
	GlobalSection(SolutionConfigurationPlatforms) = preSolution
		Debug|Any CPU = Debug|Any CPU
		Release|Any CPU = Release|Any CPU
	EndGlobalSection
	GlobalSection(ProjectConfigurationPlatforms) = postSolution
		{4D68557F-339D-47F7-8961-99672EEC1A9E}.Debug|Any CPU.ActiveCfg = Debug|Any CPU
		{4D68557F-339D-47F7-8961-99672EEC1A9E}.Debug|Any CPU.Build.0 = Debug|Any CPU
		{4D68557F-339D-47F7-8961-99672EEC1A9E}.Release|Any CPU.ActiveCfg = Release|Any CPU
		{4D68557F-339D-47F7-8961-99672EEC1A9E}.Release|Any CPU.Build.0 = Release|Any CPU
	EndGlobalSection
	GlobalSection(SolutionProperties) = preSolution
		HideSolutionNode = FALSE
	EndGlobalSection
	GlobalSection(ExtensibilityGlobals) = postSolution
		SolutionGuid = {6A115250-82C8-4884-B73B-CD9A70AD7614}
	EndGlobalSection
EndGlobal
